// !$*UTF8*$!
{
	archiveVersion = 1;
	classes = {
	};
	objectVersion = 46;
	objects = {

/* Begin PBXBuildFile section */
		B92A782C1E70BE12003D04C1 /* AppDelegate.swift in Sources */ = {isa = PBXBuildFile; fileRef = B92A782B1E70BE12003D04C1 /* AppDelegate.swift */; };
		B92A782E1E70BE21003D04C1 /* ViewController.swift in Sources */ = {isa = PBXBuildFile; fileRef = B92A782D1E70BE21003D04C1 /* ViewController.swift */; };
		B92A78301E70BE2B003D04C1 /* Assets.xcassets in Resources */ = {isa = PBXBuildFile; fileRef = B92A782F1E70BE2B003D04C1 /* Assets.xcassets */; };
		B92A78341E70BE59003D04C1 /* Distance.swift in Sources */ = {isa = PBXBuildFile; fileRef = B92A78331E70BE59003D04C1 /* Distance.swift */; };
		B92A78411E70C00F003D04C1 /* DistanceConverterTests.swift in Sources */ = {isa = PBXBuildFile; fileRef = B92A783D1E70BEAC003D04C1 /* DistanceConverterTests.swift */; };
		B92A78421E70C018003D04C1 /* DistanceConverterUITests.swift in Sources */ = {isa = PBXBuildFile; fileRef = B92A78391E70BE9A003D04C1 /* DistanceConverterUITests.swift */; };
		B92A78441E70D258003D04C1 /* Main.storyboard in Resources */ = {isa = PBXBuildFile; fileRef = B92A78431E70D258003D04C1 /* Main.storyboard */; };
		B92A78461E70D272003D04C1 /* LaunchScreen.storyboard in Resources */ = {isa = PBXBuildFile; fileRef = B92A78451E70D272003D04C1 /* LaunchScreen.storyboard */; };
/* End PBXBuildFile section */

/* Begin PBXContainerItemProxy section */
		B90FE5221CBEBA7200462602 /* PBXContainerItemProxy */ = {
			isa = PBXContainerItemProxy;
			containerPortal = B90FE5051CBEBA7200462602 /* Project object */;
			proxyType = 1;
			remoteGlobalIDString = B90FE50C1CBEBA7200462602;
			remoteInfo = DistanceViewer;
		};
		B90FE52D1CBEBA7200462602 /* PBXContainerItemProxy */ = {
			isa = PBXContainerItemProxy;
			containerPortal = B90FE5051CBEBA7200462602 /* Project object */;
			proxyType = 1;
			remoteGlobalIDString = B90FE50C1CBEBA7200462602;
			remoteInfo = DistanceViewer;
		};
/* End PBXContainerItemProxy section */

/* Begin PBXFileReference section */
		B90FE50D1CBEBA7200462602 /* DistanceConverter.app */ = {isa = PBXFileReference; explicitFileType = wrapper.application; includeInIndex = 0; path = DistanceConverter.app; sourceTree = BUILT_PRODUCTS_DIR; };
		B90FE5211CBEBA7200462602 /* DistanceConverterTests.xctest */ = {isa = PBXFileReference; explicitFileType = wrapper.cfbundle; includeInIndex = 0; path = DistanceConverterTests.xctest; sourceTree = BUILT_PRODUCTS_DIR; };
		B90FE52C1CBEBA7200462602 /* DistanceConverterUITests.xctest */ = {isa = PBXFileReference; explicitFileType = wrapper.cfbundle; includeInIndex = 0; path = DistanceConverterUITests.xctest; sourceTree = BUILT_PRODUCTS_DIR; };
		B92A782B1E70BE12003D04C1 /* AppDelegate.swift */ = {isa = PBXFileReference; fileEncoding = 4; lastKnownFileType = sourcecode.swift; name = AppDelegate.swift; path = DistanceConverter/AppDelegate.swift; sourceTree = SOURCE_ROOT; };
		B92A782D1E70BE21003D04C1 /* ViewController.swift */ = {isa = PBXFileReference; fileEncoding = 4; lastKnownFileType = sourcecode.swift; name = ViewController.swift; path = DistanceConverter/ViewController.swift; sourceTree = SOURCE_ROOT; };
		B92A782F1E70BE2B003D04C1 /* Assets.xcassets */ = {isa = PBXFileReference; lastKnownFileType = folder.assetcatalog; name = Assets.xcassets; path = DistanceConverter/Assets.xcassets; sourceTree = SOURCE_ROOT; };
		B92A78311E70BE40003D04C1 /* Info.plist */ = {isa = PBXFileReference; fileEncoding = 4; lastKnownFileType = text.plist.xml; name = Info.plist; path = DistanceConverter/Info.plist; sourceTree = SOURCE_ROOT; };
		B92A78331E70BE59003D04C1 /* Distance.swift */ = {isa = PBXFileReference; fileEncoding = 4; lastKnownFileType = sourcecode.swift; name = Distance.swift; path = DistanceConverter/Distance.swift; sourceTree = SOURCE_ROOT; };
		B92A78391E70BE9A003D04C1 /* DistanceConverterUITests.swift */ = {isa = PBXFileReference; fileEncoding = 4; lastKnownFileType = sourcecode.swift; name = DistanceConverterUITests.swift; path = DistanceConverterUITests/DistanceConverterUITests.swift; sourceTree = SOURCE_ROOT; };
		B92A783A1E70BE9A003D04C1 /* Info.plist */ = {isa = PBXFileReference; fileEncoding = 4; lastKnownFileType = text.plist.xml; name = Info.plist; path = DistanceConverterUITests/Info.plist; sourceTree = SOURCE_ROOT; };
		B92A783D1E70BEAC003D04C1 /* DistanceConverterTests.swift */ = {isa = PBXFileReference; fileEncoding = 4; lastKnownFileType = sourcecode.swift; name = DistanceConverterTests.swift; path = DistanceConverterTests/DistanceConverterTests.swift; sourceTree = SOURCE_ROOT; };
		B92A783E1E70BEAC003D04C1 /* Info.plist */ = {isa = PBXFileReference; fileEncoding = 4; lastKnownFileType = text.plist.xml; name = Info.plist; path = DistanceConverterTests/Info.plist; sourceTree = SOURCE_ROOT; };
		B92A78431E70D258003D04C1 /* Main.storyboard */ = {isa = PBXFileReference; fileEncoding = 4; lastKnownFileType = file.storyboard; path = Main.storyboard; sourceTree = "<group>"; };
		B92A78451E70D272003D04C1 /* LaunchScreen.storyboard */ = {isa = PBXFileReference; fileEncoding = 4; lastKnownFileType = file.storyboard; path = LaunchScreen.storyboard; sourceTree = "<group>"; };
/* End PBXFileReference section */

/* Begin PBXFrameworksBuildPhase section */
		B90FE50A1CBEBA7200462602 /* Frameworks */ = {
			isa = PBXFrameworksBuildPhase;
			buildActionMask = 2147483647;
			files = (
			);
			runOnlyForDeploymentPostprocessing = 0;
		};
		B90FE51E1CBEBA7200462602 /* Frameworks */ = {
			isa = PBXFrameworksBuildPhase;
			buildActionMask = 2147483647;
			files = (
			);
			runOnlyForDeploymentPostprocessing = 0;
		};
		B90FE5291CBEBA7200462602 /* Frameworks */ = {
			isa = PBXFrameworksBuildPhase;
			buildActionMask = 2147483647;
			files = (
			);
			runOnlyForDeploymentPostprocessing = 0;
		};
/* End PBXFrameworksBuildPhase section */

/* Begin PBXGroup section */
		B90FE5041CBEBA7200462602 = {
			isa = PBXGroup;
			children = (
				B90FE50F1CBEBA7200462602 /* DistanceConverter */,
				B90FE5241CBEBA7200462602 /* DistanceConverterTests */,
				B90FE52F1CBEBA7200462602 /* DistanceConverterUITests */,
				B90FE50E1CBEBA7200462602 /* Products */,
			);
			sourceTree = "<group>";
		};
		B90FE50E1CBEBA7200462602 /* Products */ = {
			isa = PBXGroup;
			children = (
				B90FE50D1CBEBA7200462602 /* DistanceConverter.app */,
				B90FE5211CBEBA7200462602 /* DistanceConverterTests.xctest */,
				B90FE52C1CBEBA7200462602 /* DistanceConverterUITests.xctest */,
			);
			name = Products;
			sourceTree = "<group>";
		};
		B90FE50F1CBEBA7200462602 /* DistanceConverter */ = {
			isa = PBXGroup;
			children = (
				B92A782B1E70BE12003D04C1 /* AppDelegate.swift */,
				B92A782D1E70BE21003D04C1 /* ViewController.swift */,
				B92A78431E70D258003D04C1 /* Main.storyboard */,
				B92A782F1E70BE2B003D04C1 /* Assets.xcassets */,
				B92A78451E70D272003D04C1 /* LaunchScreen.storyboard */,
				B92A78311E70BE40003D04C1 /* Info.plist */,
				B92A78331E70BE59003D04C1 /* Distance.swift */,
			);
			path = DistanceConverter;
			sourceTree = "<group>";
		};
		B90FE5241CBEBA7200462602 /* DistanceConverterTests */ = {
			isa = PBXGroup;
			children = (
				B92A783D1E70BEAC003D04C1 /* DistanceConverterTests.swift */,
				B92A783E1E70BEAC003D04C1 /* Info.plist */,
			);
			name = DistanceConverterTests;
			path = DistanceConverter;
			sourceTree = "<group>";
		};
		B90FE52F1CBEBA7200462602 /* DistanceConverterUITests */ = {
			isa = PBXGroup;
			children = (
				B92A78391E70BE9A003D04C1 /* DistanceConverterUITests.swift */,
				B92A783A1E70BE9A003D04C1 /* Info.plist */,
			);
			path = DistanceConverterUITests;
			sourceTree = "<group>";
		};
/* End PBXGroup section */

/* Begin PBXNativeTarget section */
		B90FE50C1CBEBA7200462602 /* DistanceConverter */ = {
			isa = PBXNativeTarget;
			buildConfigurationList = B90FE5351CBEBA7200462602 /* Build configuration list for PBXNativeTarget "DistanceConverter" */;
			buildPhases = (
				B90FE5091CBEBA7200462602 /* Sources */,
				B90FE50A1CBEBA7200462602 /* Frameworks */,
				B90FE50B1CBEBA7200462602 /* Resources */,
			);
			buildRules = (
			);
			dependencies = (
			);
			name = DistanceConverter;
			productName = DistanceViewer;
			productReference = B90FE50D1CBEBA7200462602 /* DistanceConverter.app */;
			productType = "com.apple.product-type.application";
		};
		B90FE5201CBEBA7200462602 /* DistanceConverterTests */ = {
			isa = PBXNativeTarget;
			buildConfigurationList = B90FE5381CBEBA7200462602 /* Build configuration list for PBXNativeTarget "DistanceConverterTests" */;
			buildPhases = (
				B90FE51D1CBEBA7200462602 /* Sources */,
				B90FE51E1CBEBA7200462602 /* Frameworks */,
				B90FE51F1CBEBA7200462602 /* Resources */,
			);
			buildRules = (
			);
			dependencies = (
				B90FE5231CBEBA7200462602 /* PBXTargetDependency */,
			);
			name = DistanceConverterTests;
			productName = DistanceViewerTests;
			productReference = B90FE5211CBEBA7200462602 /* DistanceConverterTests.xctest */;
			productType = "com.apple.product-type.bundle.unit-test";
		};
		B90FE52B1CBEBA7200462602 /* DistanceConverterUITests */ = {
			isa = PBXNativeTarget;
			buildConfigurationList = B90FE53B1CBEBA7200462602 /* Build configuration list for PBXNativeTarget "DistanceConverterUITests" */;
			buildPhases = (
				B90FE5281CBEBA7200462602 /* Sources */,
				B90FE5291CBEBA7200462602 /* Frameworks */,
				B90FE52A1CBEBA7200462602 /* Resources */,
			);
			buildRules = (
			);
			dependencies = (
				B90FE52E1CBEBA7200462602 /* PBXTargetDependency */,
			);
			name = DistanceConverterUITests;
			productName = DistanceViewerUITests;
			productReference = B90FE52C1CBEBA7200462602 /* DistanceConverterUITests.xctest */;
			productType = "com.apple.product-type.bundle.ui-testing";
		};
/* End PBXNativeTarget section */

/* Begin PBXProject section */
		B90FE5051CBEBA7200462602 /* Project object */ = {
			isa = PBXProject;
			attributes = {
				LastSwiftUpdateCheck = 0730;
				LastUpgradeCheck = 1010;
				ORGANIZATIONNAME = "Craig Grummitt";
				TargetAttributes = {
					B90FE50C1CBEBA7200462602 = {
						CreatedOnToolsVersion = 7.3;
						DevelopmentTeam = 5M6U4VTSB8;
						LastSwiftMigration = 1010;
					};
					B90FE5201CBEBA7200462602 = {
						CreatedOnToolsVersion = 7.3;
						LastSwiftMigration = 1010;
						TestTargetID = B90FE50C1CBEBA7200462602;
					};
					B90FE52B1CBEBA7200462602 = {
						CreatedOnToolsVersion = 7.3;
						LastSwiftMigration = 1010;
						TestTargetID = B90FE50C1CBEBA7200462602;
					};
				};
			};
			buildConfigurationList = B90FE5081CBEBA7200462602 /* Build configuration list for PBXProject "DistanceConverter" */;
			compatibilityVersion = "Xcode 3.2";
			developmentRegion = English;
			hasScannedForEncodings = 0;
			knownRegions = (
				en,
				Base,
			);
			mainGroup = B90FE5041CBEBA7200462602;
			productRefGroup = B90FE50E1CBEBA7200462602 /* Products */;
			projectDirPath = "";
			projectRoot = "";
			targets = (
				B90FE50C1CBEBA7200462602 /* DistanceConverter */,
				B90FE5201CBEBA7200462602 /* DistanceConverterTests */,
				B90FE52B1CBEBA7200462602 /* DistanceConverterUITests */,
			);
		};
/* End PBXProject section */

/* Begin PBXResourcesBuildPhase section */
		B90FE50B1CBEBA7200462602 /* Resources */ = {
			isa = PBXResourcesBuildPhase;
			buildActionMask = 2147483647;
			files = (
				B92A78461E70D272003D04C1 /* LaunchScreen.storyboard in Resources */,
				B92A78301E70BE2B003D04C1 /* Assets.xcassets in Resources */,
				B92A78441E70D258003D04C1 /* Main.storyboard in Resources */,
			);
			runOnlyForDeploymentPostprocessing = 0;
		};
		B90FE51F1CBEBA7200462602 /* Resources */ = {
			isa = PBXResourcesBuildPhase;
			buildActionMask = 2147483647;
			files = (
			);
			runOnlyForDeploymentPostprocessing = 0;
		};
		B90FE52A1CBEBA7200462602 /* Resources */ = {
			isa = PBXResourcesBuildPhase;
			buildActionMask = 2147483647;
			files = (
			);
			runOnlyForDeploymentPostprocessing = 0;
		};
/* End PBXResourcesBuildPhase section */

/* Begin PBXSourcesBuildPhase section */
		B90FE5091CBEBA7200462602 /* Sources */ = {
			isa = PBXSourcesBuildPhase;
			buildActionMask = 2147483647;
			files = (
				B92A78341E70BE59003D04C1 /* Distance.swift in Sources */,
				B92A782E1E70BE21003D04C1 /* ViewController.swift in Sources */,
				B92A782C1E70BE12003D04C1 /* AppDelegate.swift in Sources */,
			);
			runOnlyForDeploymentPostprocessing = 0;
		};
		B90FE51D1CBEBA7200462602 /* Sources */ = {
			isa = PBXSourcesBuildPhase;
			buildActionMask = 2147483647;
			files = (
				B92A78411E70C00F003D04C1 /* DistanceConverterTests.swift in Sources */,
			);
			runOnlyForDeploymentPostprocessing = 0;
		};
		B90FE5281CBEBA7200462602 /* Sources */ = {
			isa = PBXSourcesBuildPhase;
			buildActionMask = 2147483647;
			files = (
				B92A78421E70C018003D04C1 /* DistanceConverterUITests.swift in Sources */,
			);
			runOnlyForDeploymentPostprocessing = 0;
		};
/* End PBXSourcesBuildPhase section */

/* Begin PBXTargetDependency section */
		B90FE5231CBEBA7200462602 /* PBXTargetDependency */ = {
			isa = PBXTargetDependency;
			target = B90FE50C1CBEBA7200462602 /* DistanceConverter */;
			targetProxy = B90FE5221CBEBA7200462602 /* PBXContainerItemProxy */;
		};
		B90FE52E1CBEBA7200462602 /* PBXTargetDependency */ = {
			isa = PBXTargetDependency;
			target = B90FE50C1CBEBA7200462602 /* DistanceConverter */;
			targetProxy = B90FE52D1CBEBA7200462602 /* PBXContainerItemProxy */;
		};
/* End PBXTargetDependency section */

/* Begin XCBuildConfiguration section */
		B90FE5331CBEBA7200462602 /* Debug */ = {
			isa = XCBuildConfiguration;
			buildSettings = {
				ALWAYS_SEARCH_USER_PATHS = NO;
				CLANG_ANALYZER_NONNULL = YES;
				CLANG_CXX_LANGUAGE_STANDARD = "gnu++0x";
				CLANG_CXX_LIBRARY = "libc++";
				CLANG_ENABLE_MODULES = YES;
				CLANG_ENABLE_OBJC_ARC = YES;
				CLANG_WARN_BLOCK_CAPTURE_AUTORELEASING = YES;
				CLANG_WARN_BOOL_CONVERSION = YES;
				CLANG_WARN_COMMA = YES;
				CLANG_WARN_CONSTANT_CONVERSION = YES;
				CLANG_WARN_DEPRECATED_OBJC_IMPLEMENTATIONS = YES;
				CLANG_WARN_DIRECT_OBJC_ISA_USAGE = YES_ERROR;
				CLANG_WARN_EMPTY_BODY = YES;
				CLANG_WARN_ENUM_CONVERSION = YES;
				CLANG_WARN_INFINITE_RECURSION = YES;
				CLANG_WARN_INT_CONVERSION = YES;
				CLANG_WARN_NON_LITERAL_NULL_CONVERSION = YES;
				CLANG_WARN_OBJC_IMPLICIT_RETAIN_SELF = YES;
				CLANG_WARN_OBJC_LITERAL_CONVERSION = YES;
				CLANG_WARN_OBJC_ROOT_CLASS = YES_ERROR;
				CLANG_WARN_RANGE_LOOP_ANALYSIS = YES;
				CLANG_WARN_STRICT_PROTOTYPES = YES;
				CLANG_WARN_SUSPICIOUS_MOVE = YES;
				CLANG_WARN_UNREACHABLE_CODE = YES;
				CLANG_WARN__DUPLICATE_METHOD_MATCH = YES;
				"CODE_SIGN_IDENTITY[sdk=iphoneos*]" = "iPhone Developer";
				COPY_PHASE_STRIP = NO;
				DEBUG_INFORMATION_FORMAT = dwarf;
				ENABLE_STRICT_OBJC_MSGSEND = YES;
				ENABLE_TESTABILITY = YES;
				GCC_C_LANGUAGE_STANDARD = gnu99;
				GCC_DYNAMIC_NO_PIC = NO;
				GCC_NO_COMMON_BLOCKS = YES;
				GCC_OPTIMIZATION_LEVEL = 0;
				GCC_PREPROCESSOR_DEFINITIONS = (
					"DEBUG=1",
					"$(inherited)",
				);
				GCC_WARN_64_TO_32_BIT_CONVERSION = YES;
				GCC_WARN_ABOUT_RETURN_TYPE = YES_ERROR;
				GCC_WARN_UNDECLARED_SELECTOR = YES;
				GCC_WARN_UNINITIALIZED_AUTOS = YES_AGGRESSIVE;
				GCC_WARN_UNUSED_FUNCTION = YES;
				GCC_WARN_UNUSED_VARIABLE = YES;
				IPHONEOS_DEPLOYMENT_TARGET = 9.3;
				MTL_ENABLE_DEBUG_INFO = YES;
				ONLY_ACTIVE_ARCH = YES;
				SDKROOT = iphoneos;
				SWIFT_OPTIMIZATION_LEVEL = "-Onone";
				TARGETED_DEVICE_FAMILY = "1,2";
			};
			name = Debug;
		};
		B90FE5341CBEBA7200462602 /* Release */ = {
			isa = XCBuildConfiguration;
			buildSettings = {
				ALWAYS_SEARCH_USER_PATHS = NO;
				CLANG_ANALYZER_NONNULL = YES;
				CLANG_CXX_LANGUAGE_STANDARD = "gnu++0x";
				CLANG_CXX_LIBRARY = "libc++";
				CLANG_ENABLE_MODULES = YES;
				CLANG_ENABLE_OBJC_ARC = YES;
				CLANG_WARN_BLOCK_CAPTURE_AUTORELEASING = YES;
				CLANG_WARN_BOOL_CONVERSION = YES;
				CLANG_WARN_COMMA = YES;
				CLANG_WARN_CONSTANT_CONVERSION = YES;
				CLANG_WARN_DEPRECATED_OBJC_IMPLEMENTATIONS = YES;
				CLANG_WARN_DIRECT_OBJC_ISA_USAGE = YES_ERROR;
				CLANG_WARN_EMPTY_BODY = YES;
				CLANG_WARN_ENUM_CONVERSION = YES;
				CLANG_WARN_INFINITE_RECURSION = YES;
				CLANG_WARN_INT_CONVERSION = YES;
				CLANG_WARN_NON_LITERAL_NULL_CONVERSION = YES;
				CLANG_WARN_OBJC_IMPLICIT_RETAIN_SELF = YES;
				CLANG_WARN_OBJC_LITERAL_CONVERSION = YES;
				CLANG_WARN_OBJC_ROOT_CLASS = YES_ERROR;
				CLANG_WARN_RANGE_LOOP_ANALYSIS = YES;
				CLANG_WARN_STRICT_PROTOTYPES = YES;
				CLANG_WARN_SUSPICIOUS_MOVE = YES;
				CLANG_WARN_UNREACHABLE_CODE = YES;
				CLANG_WARN__DUPLICATE_METHOD_MATCH = YES;
				"CODE_SIGN_IDENTITY[sdk=iphoneos*]" = "iPhone Developer";
				COPY_PHASE_STRIP = NO;
				DEBUG_INFORMATION_FORMAT = "dwarf-with-dsym";
				ENABLE_NS_ASSERTIONS = NO;
				ENABLE_STRICT_OBJC_MSGSEND = YES;
				GCC_C_LANGUAGE_STANDARD = gnu99;
				GCC_NO_COMMON_BLOCKS = YES;
				GCC_WARN_64_TO_32_BIT_CONVERSION = YES;
				GCC_WARN_ABOUT_RETURN_TYPE = YES_ERROR;
				GCC_WARN_UNDECLARED_SELECTOR = YES;
				GCC_WARN_UNINITIALIZED_AUTOS = YES_AGGRESSIVE;
				GCC_WARN_UNUSED_FUNCTION = YES;
				GCC_WARN_UNUSED_VARIABLE = YES;
				IPHONEOS_DEPLOYMENT_TARGET = 9.3;
				MTL_ENABLE_DEBUG_INFO = NO;
				SDKROOT = iphoneos;
				TARGETED_DEVICE_FAMILY = "1,2";
				VALIDATE_PRODUCT = YES;
			};
			name = Release;
		};
		B90FE5361CBEBA7200462602 /* Debug */ = {
			isa = XCBuildConfiguration;
			buildSettings = {
				ASSETCATALOG_COMPILER_APPICON_NAME = AppIcon;
				DEVELOPMENT_TEAM = 5M6U4VTSB8;
				INFOPLIST_FILE = DistanceConverter/Info.plist;
				LD_RUNPATH_SEARCH_PATHS = "$(inherited) @executable_path/Frameworks";
				PRODUCT_BUNDLE_IDENTIFIER = com.interactivecoconut.DistanceConverter;
				PRODUCT_NAME = "$(TARGET_NAME)";
				SWIFT_VERSION = 4.2;
			};
			name = Debug;
		};
		B90FE5371CBEBA7200462602 /* Release */ = {
			isa = XCBuildConfiguration;
			buildSettings = {
				ASSETCATALOG_COMPILER_APPICON_NAME = AppIcon;
				DEVELOPMENT_TEAM = 5M6U4VTSB8;
				INFOPLIST_FILE = DistanceConverter/Info.plist;
				LD_RUNPATH_SEARCH_PATHS = "$(inherited) @executable_path/Frameworks";
				PRODUCT_BUNDLE_IDENTIFIER = com.interactivecoconut.DistanceConverter;
				PRODUCT_NAME = "$(TARGET_NAME)";
				SWIFT_OPTIMIZATION_LEVEL = "-Owholemodule";
				SWIFT_VERSION = 4.2;
			};
			name = Release;
		};
		B90FE5391CBEBA7200462602 /* Debug */ = {
			isa = XCBuildConfiguration;
			buildSettings = {
				BUNDLE_LOADER = "$(TEST_HOST)";
				INFOPLIST_FILE = DistanceConverterTests/Info.plist;
				LD_RUNPATH_SEARCH_PATHS = "$(inherited) @executable_path/Frameworks @loader_path/Frameworks";
				PRODUCT_BUNDLE_IDENTIFIER = com.interactivecoconut.DistanceConverterTests;
				PRODUCT_NAME = "$(TARGET_NAME)";
				SWIFT_VERSION = 4.2;
				TEST_HOST = "$(BUILT_PRODUCTS_DIR)/DistanceConverter.app/DistanceConverter";
			};
			name = Debug;
		};
		B90FE53A1CBEBA7200462602 /* Release */ = {
			isa = XCBuildConfiguration;
			buildSettings = {
				BUNDLE_LOADER = "$(TEST_HOST)";
				INFOPLIST_FILE = DistanceConverterTests/Info.plist;
				LD_RUNPATH_SEARCH_PATHS = "$(inherited) @executable_path/Frameworks @loader_path/Frameworks";
				PRODUCT_BUNDLE_IDENTIFIER = com.interactivecoconut.DistanceConverterTests;
				PRODUCT_NAME = "$(TARGET_NAME)";
				SWIFT_OPTIMIZATION_LEVEL = "-Owholemodule";
				SWIFT_VERSION = 4.2;
				TEST_HOST = "$(BUILT_PRODUCTS_DIR)/DistanceConverter.app/DistanceConverter";
			};
			name = Release;
		};
		B90FE53C1CBEBA7200462602 /* Debug */ = {
			isa = XCBuildConfiguration;
			buildSettings = {
				INFOPLIST_FILE = DistanceConverterUITests/Info.plist;
				LD_RUNPATH_SEARCH_PATHS = "$(inherited) @executable_path/Frameworks @loader_path/Frameworks";
				PRODUCT_BUNDLE_IDENTIFIER = com.interactivecoconut.DistanceConverterUITests;
				PRODUCT_NAME = "$(TARGET_NAME)";
				SWIFT_VERSION = 4.2;
				TEST_TARGET_NAME = DistanceViewer;
			};
			name = Debug;
		};
		B90FE53D1CBEBA7200462602 /* Release */ = {
			isa = XCBuildConfiguration;
			buildSettings = {
				INFOPLIST_FILE = DistanceConverterUITests/Info.plist;
				LD_RUNPATH_SEARCH_PATHS = "$(inherited) @executable_path/Frameworks @loader_path/Frameworks";
				PRODUCT_BUNDLE_IDENTIFIER = com.interactivecoconut.DistanceConverterUITests;
				PRODUCT_NAME = "$(TARGET_NAME)";
				SWIFT_OPTIMIZATION_LEVEL = "-Owholemodule";
				SWIFT_VERSION = 4.2;
				TEST_TARGET_NAME = DistanceViewer;
			};
			name = Release;
		};
/* End XCBuildConfiguration section */

/* Begin XCConfigurationList section */
		B90FE5081CBEBA7200462602 /* Build configuration list for PBXProject "DistanceConverter" */ = {
			isa = XCConfigurationList;
			buildConfigurations = (
				B90FE5331CBEBA7200462602 /* Debug */,
				B90FE5341CBEBA7200462602 /* Release */,
			);
			defaultConfigurationIsVisible = 0;
			defaultConfigurationName = Release;
		};
		B90FE5351CBEBA7200462602 /* Build configuration list for PBXNativeTarget "DistanceConverter" */ = {
			isa = XCConfigurationList;
			buildConfigurations = (
				B90FE5361CBEBA7200462602 /* Debug */,
				B90FE5371CBEBA7200462602 /* Release */,
			);
			defaultConfigurationIsVisible = 0;
			defaultConfigurationName = Release;
		};
		B90FE5381CBEBA7200462602 /* Build configuration list for PBXNativeTarget "DistanceConverterTests" */ = {
			isa = XCConfigurationList;
			buildConfigurations = (
				B90FE5391CBEBA7200462602 /* Debug */,
				B90FE53A1CBEBA7200462602 /* Release */,
			);
			defaultConfigurationIsVisible = 0;
			defaultConfigurationName = Release;
		};
		B90FE53B1CBEBA7200462602 /* Build configuration list for PBXNativeTarget "DistanceConverterUITests" */ = {
			isa = XCConfigurationList;
			buildConfigurations = (
				B90FE53C1CBEBA7200462602 /* Debug */,
				B90FE53D1CBEBA7200462602 /* Release */,
			);
			defaultConfigurationIsVisible = 0;
			defaultConfigurationName = Release;
		};
/* End XCConfigurationList section */
	};
	rootObject = B90FE5051CBEBA7200462602 /* Project object */;
}
